
Microsoft Visual Studio Solution File, Format Version 12.00
# Visual Studio 14
VisualStudioVersion = 14.0.25420.1
MinimumVisualStudioVersion = 10.0.40219.1
Project("{FAE04EC0-301F-11D3-BF4B-00C04F79EFBC}") = "Jarvis", "Jarvis\Jarvis.csproj", "{E5EACD31-7B72-4FFA-97B5-E6609F637554}"
EndProject
Project("{FAE04EC0-301F-11D3-BF4B-00C04F79EFBC}") = "Neurons", "Neurons\Neurons.csproj", "{4B2FB1C2-56AC-4CC2-B208-AE642BB5178D}"
EndProject
Project("{FAE04EC0-301F-11D3-BF4B-00C04F79EFBC}") = "Processor", "Processor\Processor.csproj", "{E1F2A6BD-5B34-4D66-99DF-91F133FA2435}"
EndProject
Project("{FAE04EC0-301F-11D3-BF4B-00C04F79EFBC}") = "NNBuilder_Install", "NNBuilder_Install\NNBuilder_Install.csproj", "{7FBD4FFE-17A8-443B-AF8A-B5F4971DDFAC}"
EndProject
Project("{FAE04EC0-301F-11D3-BF4B-00C04F79EFBC}") = "NNBuilder_Runable", "NNBuilder_Runable\NNBuilder_Runable.csproj", "{AEDB370A-AA56-45E8-979B-F6B629BA59CB}"
EndProject
Project("{FAE04EC0-301F-11D3-BF4B-00C04F79EFBC}") = "SpeechProcessor", "SpeechProcessor\SpeechProcessor.csproj", "{B7C6AC3B-3BBA-4DD8-A024-27956CB3D7B8}"
EndProject
Project("{FAE04EC0-301F-11D3-BF4B-00C04F79EFBC}") = "Converters", "Converters\Converters.csproj", "{06227EA9-53E5-4350-ABE4-61059F7E6962}"
EndProject
Project("{FAE04EC0-301F-11D3-BF4B-00C04F79EFBC}") = "CommandInterfaces", "CommandInterfaces\CommandInterfaces.csproj", "{AA4E5507-DDC5-4906-B4B4-63483A3549F5}"
EndProject
Project("{FAE04EC0-301F-11D3-BF4B-00C04F79EFBC}") = "SpeechResponse", "SpeechResponse\SpeechResponse.csproj", "{05D0F92F-A86A-46B3-8D93-C66DA863641A}"
EndProject
Project("{FAE04EC0-301F-11D3-BF4B-00C04F79EFBC}") = "KinectSensorInterface", "KinectSensorInterface\KinectSensorInterface.csproj", "{296D1986-0D82-471A-88A7-6ABA5EAE5916}"
EndProject
Project("{FAE04EC0-301F-11D3-BF4B-00C04F79EFBC}") = "OutputClasses", "OutputClasses\OutputClasses.csproj", "{91DC9994-1D5C-4E4D-B0DE-7C2EEB31896C}"
EndProject
Project("{FAE04EC0-301F-11D3-BF4B-00C04F79EFBC}") = "DataTransformer", "DataTransformer\DataTransformer.csproj", "{15271DA3-1DA1-4AFC-86E2-A8955AB97E16}"
EndProject
Project("{FAE04EC0-301F-11D3-BF4B-00C04F79EFBC}") = "Network", "Network\Network.csproj", "{54DF7F27-EBDF-4221-94CD-1DE244724A9F}"
EndProject
Project("{FAE04EC0-301F-11D3-BF4B-00C04F79EFBC}") = "InputClasses", "InputClasses\InputClasses.csproj", "{E79B804D-3756-4E20-B91B-E42C33B73E4F}"
EndProject
Project("{FAE04EC0-301F-11D3-BF4B-00C04F79EFBC}") = "Common", "Common\Common.csproj", "{BD1BD8CB-FB67-429C-AE69-D72A114EC743}"
EndProject
Project("{FAE04EC0-301F-11D3-BF4B-00C04F79EFBC}") = "Graph_Database_Access", "Graph_Database_Access\Graph_Database_Access.csproj", "{ABAE6140-1DEC-433A-8741-F3BB3DFF4D55}"
EndProject
Project("{FAE04EC0-301F-11D3-BF4B-00C04F79EFBC}") = "SQL_Database_Access", "SQL_Database_Access\SQL_Database_Access.csproj", "{31F77163-0E66-45F8-AAFD-2F064A79CECA}"
EndProject
Global
	GlobalSection(SolutionConfigurationPlatforms) = preSolution
		Debug|Any CPU = Debug|Any CPU
		Release|Any CPU = Release|Any CPU
	EndGlobalSection
	GlobalSection(ProjectConfigurationPlatforms) = postSolution
		{E5EACD31-7B72-4FFA-97B5-E6609F637554}.Debug|Any CPU.ActiveCfg = Debug|Any CPU
		{E5EACD31-7B72-4FFA-97B5-E6609F637554}.Debug|Any CPU.Build.0 = Debug|Any CPU
		{E5EACD31-7B72-4FFA-97B5-E6609F637554}.Release|Any CPU.ActiveCfg = Release|Any CPU
		{E5EACD31-7B72-4FFA-97B5-E6609F637554}.Release|Any CPU.Build.0 = Release|Any CPU
		{4B2FB1C2-56AC-4CC2-B208-AE642BB5178D}.Debug|Any CPU.ActiveCfg = Debug|Any CPU
		{4B2FB1C2-56AC-4CC2-B208-AE642BB5178D}.Debug|Any CPU.Build.0 = Debug|Any CPU
		{4B2FB1C2-56AC-4CC2-B208-AE642BB5178D}.Release|Any CPU.ActiveCfg = Release|Any CPU
		{4B2FB1C2-56AC-4CC2-B208-AE642BB5178D}.Release|Any CPU.Build.0 = Release|Any CPU
		{E1F2A6BD-5B34-4D66-99DF-91F133FA2435}.Debug|Any CPU.ActiveCfg = Debug|Any CPU
		{E1F2A6BD-5B34-4D66-99DF-91F133FA2435}.Debug|Any CPU.Build.0 = Debug|Any CPU
		{E1F2A6BD-5B34-4D66-99DF-91F133FA2435}.Release|Any CPU.ActiveCfg = Release|Any CPU
		{E1F2A6BD-5B34-4D66-99DF-91F133FA2435}.Release|Any CPU.Build.0 = Release|Any CPU
		{7FBD4FFE-17A8-443B-AF8A-B5F4971DDFAC}.Debug|Any CPU.ActiveCfg = Debug|Any CPU
		{7FBD4FFE-17A8-443B-AF8A-B5F4971DDFAC}.Debug|Any CPU.Build.0 = Debug|Any CPU
		{7FBD4FFE-17A8-443B-AF8A-B5F4971DDFAC}.Release|Any CPU.ActiveCfg = Release|Any CPU
		{7FBD4FFE-17A8-443B-AF8A-B5F4971DDFAC}.Release|Any CPU.Build.0 = Release|Any CPU
		{AEDB370A-AA56-45E8-979B-F6B629BA59CB}.Debug|Any CPU.ActiveCfg = Debug|Any CPU
		{AEDB370A-AA56-45E8-979B-F6B629BA59CB}.Debug|Any CPU.Build.0 = Debug|Any CPU
		{AEDB370A-AA56-45E8-979B-F6B629BA59CB}.Release|Any CPU.ActiveCfg = Release|Any CPU
		{AEDB370A-AA56-45E8-979B-F6B629BA59CB}.Release|Any CPU.Build.0 = Release|Any CPU
		{B7C6AC3B-3BBA-4DD8-A024-27956CB3D7B8}.Debug|Any CPU.ActiveCfg = Debug|Any CPU
		{B7C6AC3B-3BBA-4DD8-A024-27956CB3D7B8}.Debug|Any CPU.Build.0 = Debug|Any CPU
		{B7C6AC3B-3BBA-4DD8-A024-27956CB3D7B8}.Release|Any CPU.ActiveCfg = Release|Any CPU
		{B7C6AC3B-3BBA-4DD8-A024-27956CB3D7B8}.Release|Any CPU.Build.0 = Release|Any CPU
		{06227EA9-53E5-4350-ABE4-61059F7E6962}.Debug|Any CPU.ActiveCfg = Debug|Any CPU
		{06227EA9-53E5-4350-ABE4-61059F7E6962}.Debug|Any CPU.Build.0 = Debug|Any CPU
		{06227EA9-53E5-4350-ABE4-61059F7E6962}.Release|Any CPU.ActiveCfg = Release|Any CPU
		{06227EA9-53E5-4350-ABE4-61059F7E6962}.Release|Any CPU.Build.0 = Release|Any CPU
		{AA4E5507-DDC5-4906-B4B4-63483A3549F5}.Debug|Any CPU.ActiveCfg = Debug|Any CPU
		{AA4E5507-DDC5-4906-B4B4-63483A3549F5}.Debug|Any CPU.Build.0 = Debug|Any CPU
		{AA4E5507-DDC5-4906-B4B4-63483A3549F5}.Release|Any CPU.ActiveCfg = Release|Any CPU
		{AA4E5507-DDC5-4906-B4B4-63483A3549F5}.Release|Any CPU.Build.0 = Release|Any CPU
		{05D0F92F-A86A-46B3-8D93-C66DA863641A}.Debug|Any CPU.ActiveCfg = Debug|Any CPU
		{05D0F92F-A86A-46B3-8D93-C66DA863641A}.Debug|Any CPU.Build.0 = Debug|Any CPU
		{05D0F92F-A86A-46B3-8D93-C66DA863641A}.Release|Any CPU.ActiveCfg = Release|Any CPU
		{05D0F92F-A86A-46B3-8D93-C66DA863641A}.Release|Any CPU.Build.0 = Release|Any CPU
		{296D1986-0D82-471A-88A7-6ABA5EAE5916}.Debug|Any CPU.ActiveCfg = Debug|Any CPU
		{296D1986-0D82-471A-88A7-6ABA5EAE5916}.Debug|Any CPU.Build.0 = Debug|Any CPU
		{296D1986-0D82-471A-88A7-6ABA5EAE5916}.Release|Any CPU.ActiveCfg = Release|Any CPU
		{296D1986-0D82-471A-88A7-6ABA5EAE5916}.Release|Any CPU.Build.0 = Release|Any CPU
		{91DC9994-1D5C-4E4D-B0DE-7C2EEB31896C}.Debug|Any CPU.ActiveCfg = Debug|Any CPU
		{91DC9994-1D5C-4E4D-B0DE-7C2EEB31896C}.Debug|Any CPU.Build.0 = Debug|Any CPU
		{91DC9994-1D5C-4E4D-B0DE-7C2EEB31896C}.Release|Any CPU.ActiveCfg = Release|Any CPU
		{91DC9994-1D5C-4E4D-B0DE-7C2EEB31896C}.Release|Any CPU.Build.0 = Release|Any CPU
		{15271DA3-1DA1-4AFC-86E2-A8955AB97E16}.Debug|Any CPU.ActiveCfg = Debug|Any CPU
		{15271DA3-1DA1-4AFC-86E2-A8955AB97E16}.Debug|Any CPU.Build.0 = Debug|Any CPU
		{15271DA3-1DA1-4AFC-86E2-A8955AB97E16}.Release|Any CPU.ActiveCfg = Release|Any CPU
		{15271DA3-1DA1-4AFC-86E2-A8955AB97E16}.Release|Any CPU.Build.0 = Release|Any CPU
		{54DF7F27-EBDF-4221-94CD-1DE244724A9F}.Debug|Any CPU.ActiveCfg = Debug|Any CPU
		{54DF7F27-EBDF-4221-94CD-1DE244724A9F}.Debug|Any CPU.Build.0 = Debug|Any CPU
		{54DF7F27-EBDF-4221-94CD-1DE244724A9F}.Release|Any CPU.ActiveCfg = Release|Any CPU
		{54DF7F27-EBDF-4221-94CD-1DE244724A9F}.Release|Any CPU.Build.0 = Release|Any CPU
		{E79B804D-3756-4E20-B91B-E42C33B73E4F}.Debug|Any CPU.ActiveCfg = Debug|Any CPU
		{E79B804D-3756-4E20-B91B-E42C33B73E4F}.Debug|Any CPU.Build.0 = Debug|Any CPU
		{E79B804D-3756-4E20-B91B-E42C33B73E4F}.Release|Any CPU.ActiveCfg = Release|Any CPU
		{E79B804D-3756-4E20-B91B-E42C33B73E4F}.Release|Any CPU.Build.0 = Release|Any CPU
		{BD1BD8CB-FB67-429C-AE69-D72A114EC743}.Debug|Any CPU.ActiveCfg = Debug|Any CPU
		{BD1BD8CB-FB67-429C-AE69-D72A114EC743}.Debug|Any CPU.Build.0 = Debug|Any CPU
		{BD1BD8CB-FB67-429C-AE69-D72A114EC743}.Release|Any CPU.ActiveCfg = Release|Any CPU
		{BD1BD8CB-FB67-429C-AE69-D72A114EC743}.Release|Any CPU.Build.0 = Release|Any CPU
		{ABAE6140-1DEC-433A-8741-F3BB3DFF4D55}.Debug|Any CPU.ActiveCfg = Debug|Any CPU
		{ABAE6140-1DEC-433A-8741-F3BB3DFF4D55}.Debug|Any CPU.Build.0 = Debug|Any CPU
		{ABAE6140-1DEC-433A-8741-F3BB3DFF4D55}.Release|Any CPU.ActiveCfg = Release|Any CPU
		{ABAE6140-1DEC-433A-8741-F3BB3DFF4D55}.Release|Any CPU.Build.0 = Release|Any CPU
		{31F77163-0E66-45F8-AAFD-2F064A79CECA}.Debug|Any CPU.ActiveCfg = Debug|Any CPU
		{31F77163-0E66-45F8-AAFD-2F064A79CECA}.Debug|Any CPU.Build.0 = Debug|Any CPU
		{31F77163-0E66-45F8-AAFD-2F064A79CECA}.Release|Any CPU.ActiveCfg = Release|Any CPU
		{31F77163-0E66-45F8-AAFD-2F064A79CECA}.Release|Any CPU.Build.0 = Release|Any CPU
	EndGlobalSection
	GlobalSection(SolutionProperties) = preSolution
		HideSolutionNode = FALSE
	EndGlobalSection
EndGlobal
